
Microsoft Visual Studio Solution File, Format Version 12.00
# Visual Studio 15
VisualStudioVersion = 15.0.28010.2046
MinimumVisualStudioVersion = 10.0.40219.1
Project("{FAE04EC0-301F-11D3-BF4B-00C04F79EFBC}") = "progetto", "progetto\progetto.csproj", "{D74A85B7-FFF2-4A43-A8FA-936C5CC45439}"
EndProject
Global
	GlobalSection(SolutionConfigurationPlatforms) = preSolution
		Debug|Any CPU = Debug|Any CPU
		Release|Any CPU = Release|Any CPU
	EndGlobalSection
	GlobalSection(ProjectConfigurationPlatforms) = postSolution
		{D74A85B7-FFF2-4A43-A8FA-936C5CC45439}.Debug|Any CPU.ActiveCfg = Debug|Any CPU
		{D74A85B7-FFF2-4A43-A8FA-936C5CC45439}.Debug|Any CPU.Build.0 = Debug|Any CPU
		{D74A85B7-FFF2-4A43-A8FA-936C5CC45439}.Release|Any CPU.ActiveCfg = Release|Any CPU
		{D74A85B7-FFF2-4A43-A8FA-936C5CC45439}.Release|Any CPU.Build.0 = Release|Any CPU
	EndGlobalSection
	GlobalSection(SolutionProperties) = preSolution
		HideSolutionNode = FALSE
	EndGlobalSection
	GlobalSection(ExtensibilityGlobals) = postSolution
		SolutionGuid = {63F586F2-0F6C-4EBB-A280-9CE55AE42E13}
	EndGlobalSection
EndGlobal
